// !$*UTF8*$!
{
	archiveVersion = 1;
	classes = {
	};
	objectVersion = 46;
	objects = {

/* Begin PBXBuildFile section */
		7A0908321BC348EE00E8FE5C /* WatcherTests.swift in Sources */ = {isa = PBXBuildFile; fileRef = 7A0908311BC348EE00E8FE5C /* WatcherTests.swift */; };
		7A0908391BC3496700E8FE5C /* Watcher.swift in Sources */ = {isa = PBXBuildFile; fileRef = 7AA168241BBC4BB300A84B29 /* Watcher.swift */; settings = {ASSET_TAGS = (); }; };
		7A09083A1BC3498C00E8FE5C /* ReactiveCocoa.framework in Frameworks */ = {isa = PBXBuildFile; fileRef = 7AA1681C1BBC4AA200A84B29 /* ReactiveCocoa.framework */; };
		7AA168101BBC213300A84B29 /* AppDelegate.swift in Sources */ = {isa = PBXBuildFile; fileRef = 7AA1680F1BBC213300A84B29 /* AppDelegate.swift */; };
		7AA168121BBC213300A84B29 /* Assets.xcassets in Resources */ = {isa = PBXBuildFile; fileRef = 7AA168111BBC213300A84B29 /* Assets.xcassets */; };
		7AA168151BBC213300A84B29 /* MainMenu.xib in Resources */ = {isa = PBXBuildFile; fileRef = 7AA168131BBC213300A84B29 /* MainMenu.xib */; };
		7AA1681E1BBC4AA200A84B29 /* ReactiveCocoa.framework in Frameworks */ = {isa = PBXBuildFile; fileRef = 7AA1681C1BBC4AA200A84B29 /* ReactiveCocoa.framework */; };
		7AA1681F1BBC4AA200A84B29 /* ReactiveCocoa.framework in Embed Frameworks */ = {isa = PBXBuildFile; fileRef = 7AA1681C1BBC4AA200A84B29 /* ReactiveCocoa.framework */; settings = {ATTRIBUTES = (CodeSignOnCopy, RemoveHeadersOnCopy, ); }; };
		7AA168201BBC4AA200A84B29 /* Result.framework in Frameworks */ = {isa = PBXBuildFile; fileRef = 7AA1681D1BBC4AA200A84B29 /* Result.framework */; };
		7AA168211BBC4AA200A84B29 /* Result.framework in Embed Frameworks */ = {isa = PBXBuildFile; fileRef = 7AA1681D1BBC4AA200A84B29 /* Result.framework */; settings = {ATTRIBUTES = (CodeSignOnCopy, RemoveHeadersOnCopy, ); }; };
		7AA168251BBC4BB300A84B29 /* Watcher.swift in Sources */ = {isa = PBXBuildFile; fileRef = 7AA168241BBC4BB300A84B29 /* Watcher.swift */; settings = {ASSET_TAGS = (); }; };
		7AA168271BBC500500A84B29 /* CoreServices.framework in Frameworks */ = {isa = PBXBuildFile; fileRef = 7AA168261BBC500500A84B29 /* CoreServices.framework */; };
/* End PBXBuildFile section */

/* Begin PBXContainerItemProxy section */
		7A0908341BC348EE00E8FE5C /* PBXContainerItemProxy */ = {
			isa = PBXContainerItemProxy;
			containerPortal = 7AA168041BBC213300A84B29 /* Project object */;
			proxyType = 1;
			remoteGlobalIDString = 7AA1680B1BBC213300A84B29;
			remoteInfo = WatchMan;
		};
/* End PBXContainerItemProxy section */

/* Begin PBXCopyFilesBuildPhase section */
		7AA168221BBC4AA200A84B29 /* Embed Frameworks */ = {
			isa = PBXCopyFilesBuildPhase;
			buildActionMask = 2147483647;
			dstPath = "";
			dstSubfolderSpec = 10;
			files = (
				7AA1681F1BBC4AA200A84B29 /* ReactiveCocoa.framework in Embed Frameworks */,
				7AA168211BBC4AA200A84B29 /* Result.framework in Embed Frameworks */,
			);
			name = "Embed Frameworks";
			runOnlyForDeploymentPostprocessing = 0;
		};
/* End PBXCopyFilesBuildPhase section */

/* Begin PBXFileReference section */
		7A09082F1BC348EE00E8FE5C /* WatchManTests.xctest */ = {isa = PBXFileReference; explicitFileType = wrapper.cfbundle; includeInIndex = 0; path = WatchManTests.xctest; sourceTree = BUILT_PRODUCTS_DIR; };
		7A0908311BC348EE00E8FE5C /* WatcherTests.swift */ = {isa = PBXFileReference; lastKnownFileType = sourcecode.swift; path = WatcherTests.swift; sourceTree = "<group>"; };
		7A0908331BC348EE00E8FE5C /* Info.plist */ = {isa = PBXFileReference; lastKnownFileType = text.plist.xml; path = Info.plist; sourceTree = "<group>"; };
		7AA1680C1BBC213300A84B29 /* WatchMan.app */ = {isa = PBXFileReference; explicitFileType = wrapper.application; includeInIndex = 0; path = WatchMan.app; sourceTree = BUILT_PRODUCTS_DIR; };
		7AA1680F1BBC213300A84B29 /* AppDelegate.swift */ = {isa = PBXFileReference; lastKnownFileType = sourcecode.swift; path = AppDelegate.swift; sourceTree = "<group>"; };
		7AA168111BBC213300A84B29 /* Assets.xcassets */ = {isa = PBXFileReference; lastKnownFileType = folder.assetcatalog; path = Assets.xcassets; sourceTree = "<group>"; };
		7AA168141BBC213300A84B29 /* Base */ = {isa = PBXFileReference; lastKnownFileType = file.xib; name = Base; path = Base.lproj/MainMenu.xib; sourceTree = "<group>"; };
		7AA168161BBC213300A84B29 /* Info.plist */ = {isa = PBXFileReference; lastKnownFileType = text.plist.xml; path = Info.plist; sourceTree = "<group>"; };
		7AA1681C1BBC4AA200A84B29 /* ReactiveCocoa.framework */ = {isa = PBXFileReference; lastKnownFileType = wrapper.framework; name = ReactiveCocoa.framework; path = Carthage/Build/Mac/ReactiveCocoa.framework; sourceTree = "<group>"; };
		7AA1681D1BBC4AA200A84B29 /* Result.framework */ = {isa = PBXFileReference; lastKnownFileType = wrapper.framework; name = Result.framework; path = Carthage/Build/Mac/Result.framework; sourceTree = "<group>"; };
		7AA168241BBC4BB300A84B29 /* Watcher.swift */ = {isa = PBXFileReference; fileEncoding = 4; lastKnownFileType = sourcecode.swift; path = Watcher.swift; sourceTree = "<group>"; };
		7AA168261BBC500500A84B29 /* CoreServices.framework */ = {isa = PBXFileReference; lastKnownFileType = wrapper.framework; name = CoreServices.framework; path = System/Library/Frameworks/CoreServices.framework; sourceTree = SDKROOT; };
/* End PBXFileReference section */

/* Begin PBXFrameworksBuildPhase section */
		7A09082C1BC348EE00E8FE5C /* Frameworks */ = {
			isa = PBXFrameworksBuildPhase;
			buildActionMask = 2147483647;
			files = (
				7A09083A1BC3498C00E8FE5C /* ReactiveCocoa.framework in Frameworks */,
			);
			runOnlyForDeploymentPostprocessing = 0;
		};
		7AA168091BBC213300A84B29 /* Frameworks */ = {
			isa = PBXFrameworksBuildPhase;
			buildActionMask = 2147483647;
			files = (
				7AA168271BBC500500A84B29 /* CoreServices.framework in Frameworks */,
				7AA1681E1BBC4AA200A84B29 /* ReactiveCocoa.framework in Frameworks */,
				7AA168201BBC4AA200A84B29 /* Result.framework in Frameworks */,
			);
			runOnlyForDeploymentPostprocessing = 0;
		};
/* End PBXFrameworksBuildPhase section */

/* Begin PBXGroup section */
		7A0908301BC348EE00E8FE5C /* WatchManTests */ = {
			isa = PBXGroup;
			children = (
				7A0908311BC348EE00E8FE5C /* WatcherTests.swift */,
				7A0908331BC348EE00E8FE5C /* Info.plist */,
			);
			path = WatchManTests;
			sourceTree = "<group>";
		};
		7AA168031BBC213300A84B29 = {
			isa = PBXGroup;
			children = (
				7AA1680E1BBC213300A84B29 /* WatchMan */,
				7A0908301BC348EE00E8FE5C /* WatchManTests */,
				7AA1680D1BBC213300A84B29 /* Products */,
				7AA168231BBC4AA700A84B29 /* Frameworks */,
			);
			sourceTree = "<group>";
		};
		7AA1680D1BBC213300A84B29 /* Products */ = {
			isa = PBXGroup;
			children = (
				7AA1680C1BBC213300A84B29 /* WatchMan.app */,
				7A09082F1BC348EE00E8FE5C /* WatchManTests.xctest */,
			);
			name = Products;
			sourceTree = "<group>";
		};
		7AA1680E1BBC213300A84B29 /* WatchMan */ = {
			isa = PBXGroup;
			children = (
				7AA1680F1BBC213300A84B29 /* AppDelegate.swift */,
				7AA168111BBC213300A84B29 /* Assets.xcassets */,
				7AA168131BBC213300A84B29 /* MainMenu.xib */,
				7AA168161BBC213300A84B29 /* Info.plist */,
				7AA168241BBC4BB300A84B29 /* Watcher.swift */,
			);
			path = WatchMan;
			sourceTree = "<group>";
		};
		7AA168231BBC4AA700A84B29 /* Frameworks */ = {
			isa = PBXGroup;
			children = (
				7AA168261BBC500500A84B29 /* CoreServices.framework */,
				7AA1681C1BBC4AA200A84B29 /* ReactiveCocoa.framework */,
				7AA1681D1BBC4AA200A84B29 /* Result.framework */,
			);
			name = Frameworks;
			sourceTree = "<group>";
		};
/* End PBXGroup section */

/* Begin PBXNativeTarget section */
		7A09082E1BC348EE00E8FE5C /* WatchManTests */ = {
			isa = PBXNativeTarget;
			buildConfigurationList = 7A0908381BC348EE00E8FE5C /* Build configuration list for PBXNativeTarget "WatchManTests" */;
			buildPhases = (
				7A09082B1BC348EE00E8FE5C /* Sources */,
				7A09082C1BC348EE00E8FE5C /* Frameworks */,
				7A09082D1BC348EE00E8FE5C /* Resources */,
			);
			buildRules = (
			);
			dependencies = (
				7A0908351BC348EE00E8FE5C /* PBXTargetDependency */,
			);
			name = WatchManTests;
			productName = WatchManTests;
			productReference = 7A09082F1BC348EE00E8FE5C /* WatchManTests.xctest */;
			productType = "com.apple.product-type.bundle.unit-test";
		};
		7AA1680B1BBC213300A84B29 /* WatchMan */ = {
			isa = PBXNativeTarget;
			buildConfigurationList = 7AA168191BBC213300A84B29 /* Build configuration list for PBXNativeTarget "WatchMan" */;
			buildPhases = (
				7AA168081BBC213300A84B29 /* Sources */,
				7AA168091BBC213300A84B29 /* Frameworks */,
				7AA1680A1BBC213300A84B29 /* Resources */,
				7AA168221BBC4AA200A84B29 /* Embed Frameworks */,
			);
			buildRules = (
			);
			dependencies = (
			);
			name = WatchMan;
			productName = WatchMan;
			productReference = 7AA1680C1BBC213300A84B29 /* WatchMan.app */;
			productType = "com.apple.product-type.application";
		};
/* End PBXNativeTarget section */

/* Begin PBXProject section */
		7AA168041BBC213300A84B29 /* Project object */ = {
			isa = PBXProject;
			attributes = {
				LastUpgradeCheck = 0700;
				ORGANIZATIONNAME = "Perfectly-Cooked";
				TargetAttributes = {
					7A09082E1BC348EE00E8FE5C = {
						CreatedOnToolsVersion = 7.0.1;
						TestTargetID = 7AA1680B1BBC213300A84B29;
					};
					7AA1680B1BBC213300A84B29 = {
						CreatedOnToolsVersion = 7.0;
					};
				};
			};
			buildConfigurationList = 7AA168071BBC213300A84B29 /* Build configuration list for PBXProject "WatchMan" */;
			compatibilityVersion = "Xcode 3.2";
			developmentRegion = English;
			hasScannedForEncodings = 0;
			knownRegions = (
				en,
				Base,
			);
			mainGroup = 7AA168031BBC213300A84B29;
			productRefGroup = 7AA1680D1BBC213300A84B29 /* Products */;
			projectDirPath = "";
			projectRoot = "";
			targets = (
				7AA1680B1BBC213300A84B29 /* WatchMan */,
				7A09082E1BC348EE00E8FE5C /* WatchManTests */,
			);
		};
/* End PBXProject section */

/* Begin PBXResourcesBuildPhase section */
		7A09082D1BC348EE00E8FE5C /* Resources */ = {
			isa = PBXResourcesBuildPhase;
			buildActionMask = 2147483647;
			files = (
			);
			runOnlyForDeploymentPostprocessing = 0;
		};
		7AA1680A1BBC213300A84B29 /* Resources */ = {
			isa = PBXResourcesBuildPhase;
			buildActionMask = 2147483647;
			files = (
				7AA168121BBC213300A84B29 /* Assets.xcassets in Resources */,
				7AA168151BBC213300A84B29 /* MainMenu.xib in Resources */,
			);
			runOnlyForDeploymentPostprocessing = 0;
		};
/* End PBXResourcesBuildPhase section */

/* Begin PBXSourcesBuildPhase section */
		7A09082B1BC348EE00E8FE5C /* Sources */ = {
			isa = PBXSourcesBuildPhase;
			buildActionMask = 2147483647;
			files = (
				7A0908391BC3496700E8FE5C /* Watcher.swift in Sources */,
				7A0908321BC348EE00E8FE5C /* WatcherTests.swift in Sources */,
			);
			runOnlyForDeploymentPostprocessing = 0;
		};
		7AA168081BBC213300A84B29 /* Sources */ = {
			isa = PBXSourcesBuildPhase;
			buildActionMask = 2147483647;
			files = (
				7AA168251BBC4BB300A84B29 /* Watcher.swift in Sources */,
				7AA168101BBC213300A84B29 /* AppDelegate.swift in Sources */,
			);
			runOnlyForDeploymentPostprocessing = 0;
		};
/* End PBXSourcesBuildPhase section */

/* Begin PBXTargetDependency section */
		7A0908351BC348EE00E8FE5C /* PBXTargetDependency */ = {
			isa = PBXTargetDependency;
			target = 7AA1680B1BBC213300A84B29 /* WatchMan */;
			targetProxy = 7A0908341BC348EE00E8FE5C /* PBXContainerItemProxy */;
		};
/* End PBXTargetDependency section */

/* Begin PBXVariantGroup section */
		7AA168131BBC213300A84B29 /* MainMenu.xib */ = {
			isa = PBXVariantGroup;
			children = (
				7AA168141BBC213300A84B29 /* Base */,
			);
			name = MainMenu.xib;
			sourceTree = "<group>";
		};
/* End PBXVariantGroup section */

/* Begin XCBuildConfiguration section */
		7A0908361BC348EE00E8FE5C /* Debug */ = {
			isa = XCBuildConfiguration;
			buildSettings = {
				BUNDLE_LOADER = "$(TEST_HOST)";
				COMBINE_HIDPI_IMAGES = YES;
				FRAMEWORK_SEARCH_PATHS = (
					"$(inherited)",
					"$(PROJECT_DIR)/Carthage/Build/Mac",
				);
				INFOPLIST_FILE = WatchManTests/Info.plist;
				LD_RUNPATH_SEARCH_PATHS = "$(inherited) @executable_path/../Frameworks @loader_path/../Frameworks";
				MACOSX_DEPLOYMENT_TARGET = 10.11;
				PRODUCT_BUNDLE_IDENTIFIER = "com.perfectly-cooked.WatchManTests";
				PRODUCT_NAME = "$(TARGET_NAME)";
				TEST_HOST = "$(BUILT_PRODUCTS_DIR)/WatchMan.app/Contents/MacOS/WatchMan";
			};
			name = Debug;
		};
		7A0908371BC348EE00E8FE5C /* Release */ = {
			isa = XCBuildConfiguration;
			buildSettings = {
				BUNDLE_LOADER = "$(TEST_HOST)";
				COMBINE_HIDPI_IMAGES = YES;
				FRAMEWORK_SEARCH_PATHS = (
					"$(inherited)",
					"$(PROJECT_DIR)/Carthage/Build/Mac",
				);
				INFOPLIST_FILE = WatchManTests/Info.plist;
				LD_RUNPATH_SEARCH_PATHS = "$(inherited) @executable_path/../Frameworks @loader_path/../Frameworks";
				MACOSX_DEPLOYMENT_TARGET = 10.11;
				PRODUCT_BUNDLE_IDENTIFIER = "com.perfectly-cooked.WatchManTests";
				PRODUCT_NAME = "$(TARGET_NAME)";
				TEST_HOST = "$(BUILT_PRODUCTS_DIR)/WatchMan.app/Contents/MacOS/WatchMan";
			};
			name = Release;
		};
		7AA168171BBC213300A84B29 /* Debug */ = {
			isa = XCBuildConfiguration;
			buildSettings = {
				ALWAYS_SEARCH_USER_PATHS = NO;
				CLANG_CXX_LANGUAGE_STANDARD = "gnu++0x";
				CLANG_CXX_LIBRARY = "libc++";
				CLANG_ENABLE_MODULES = YES;
				CLANG_ENABLE_OBJC_ARC = YES;
				CLANG_WARN_BOOL_CONVERSION = YES;
				CLANG_WARN_CONSTANT_CONVERSION = YES;
				CLANG_WARN_DIRECT_OBJC_ISA_USAGE = YES_ERROR;
				CLANG_WARN_EMPTY_BODY = YES;
				CLANG_WARN_ENUM_CONVERSION = YES;
				CLANG_WARN_INT_CONVERSION = YES;
				CLANG_WARN_OBJC_ROOT_CLASS = YES_ERROR;
				CLANG_WARN_UNREACHABLE_CODE = YES;
				CLANG_WARN__DUPLICATE_METHOD_MATCH = YES;
				CODE_SIGN_IDENTITY = "-";
				COPY_PHASE_STRIP = NO;
				DEBUG_INFORMATION_FORMAT = dwarf;
				ENABLE_STRICT_OBJC_MSGSEND = YES;
				ENABLE_TESTABILITY = YES;
				GCC_C_LANGUAGE_STANDARD = gnu99;
				GCC_DYNAMIC_NO_PIC = NO;
				GCC_NO_COMMON_BLOCKS = YES;
				GCC_OPTIMIZATION_LEVEL = 0;
				GCC_PREPROCESSOR_DEFINITIONS = (
					"DEBUG=1",
					"$(inherited)",
				);
				GCC_WARN_64_TO_32_BIT_CONVERSION = YES;
				GCC_WARN_ABOUT_RETURN_TYPE = YES_ERROR;
				GCC_WARN_UNDECLARED_SELECTOR = YES;
				GCC_WARN_UNINITIALIZED_AUTOS = YES_AGGRESSIVE;
				GCC_WARN_UNUSED_FUNCTION = YES;
				GCC_WARN_UNUSED_VARIABLE = YES;
				MACOSX_DEPLOYMENT_TARGET = 10.10;
				MTL_ENABLE_DEBUG_INFO = YES;
				ONLY_ACTIVE_ARCH = YES;
				SDKROOT = macosx;
				SWIFT_OPTIMIZATION_LEVEL = "-Onone";
			};
			name = Debug;
		};
		7AA168181BBC213300A84B29 /* Release */ = {
			isa = XCBuildConfiguration;
			buildSettings = {
				ALWAYS_SEARCH_USER_PATHS = NO;
				CLANG_CXX_LANGUAGE_STANDARD = "gnu++0x";
				CLANG_CXX_LIBRARY = "libc++";
				CLANG_ENABLE_MODULES = YES;
				CLANG_ENABLE_OBJC_ARC = YES;
				CLANG_WARN_BOOL_CONVERSION = YES;
				CLANG_WARN_CONSTANT_CONVERSION = YES;
				CLANG_WARN_DIRECT_OBJC_ISA_USAGE = YES_ERROR;
				CLANG_WARN_EMPTY_BODY = YES;
				CLANG_WARN_ENUM_CONVERSION = YES;
				CLANG_WARN_INT_CONVERSION = YES;
				CLANG_WARN_OBJC_ROOT_CLASS = YES_ERROR;
				CLANG_WARN_UNREACHABLE_CODE = YES;
				CLANG_WARN__DUPLICATE_METHOD_MATCH = YES;
				CODE_SIGN_IDENTITY = "-";
				COPY_PHASE_STRIP = NO;
				DEBUG_INFORMATION_FORMAT = "dwarf-with-dsym";
				ENABLE_NS_ASSERTIONS = NO;
				ENABLE_STRICT_OBJC_MSGSEND = YES;
				GCC_C_LANGUAGE_STANDARD = gnu99;
				GCC_NO_COMMON_BLOCKS = YES;
				GCC_WARN_64_TO_32_BIT_CONVERSION = YES;
				GCC_WARN_ABOUT_RETURN_TYPE = YES_ERROR;
				GCC_WARN_UNDECLARED_SELECTOR = YES;
				GCC_WARN_UNINITIALIZED_AUTOS = YES_AGGRESSIVE;
				GCC_WARN_UNUSED_FUNCTION = YES;
				GCC_WARN_UNUSED_VARIABLE = YES;
				MACOSX_DEPLOYMENT_TARGET = 10.10;
				MTL_ENABLE_DEBUG_INFO = NO;
				SDKROOT = macosx;
			};
			name = Release;
		};
		7AA1681A1BBC213300A84B29 /* Debug */ = {
			isa = XCBuildConfiguration;
			buildSettings = {
				ASSETCATALOG_COMPILER_APPICON_NAME = AppIcon;
				COMBINE_HIDPI_IMAGES = YES;
				FRAMEWORK_SEARCH_PATHS = (
					"$(inherited)",
					"$(PROJECT_DIR)/Carthage/Build/Mac",
				);
				INFOPLIST_FILE = WatchMan/Info.plist;
				LD_RUNPATH_SEARCH_PATHS = "$(inherited) @executable_path/../Frameworks";
				PRODUCT_BUNDLE_IDENTIFIER = "com.perfectly-cooked.WatchMan";
				PRODUCT_NAME = "$(TARGET_NAME)";
			};
			name = Debug;
		};
		7AA1681B1BBC213300A84B29 /* Release */ = {
			isa = XCBuildConfiguration;
			buildSettings = {
				ASSETCATALOG_COMPILER_APPICON_NAME = AppIcon;
				COMBINE_HIDPI_IMAGES = YES;
				FRAMEWORK_SEARCH_PATHS = (
					"$(inherited)",
					"$(PROJECT_DIR)/Carthage/Build/Mac",
				);
				INFOPLIST_FILE = WatchMan/Info.plist;
				LD_RUNPATH_SEARCH_PATHS = "$(inherited) @executable_path/../Frameworks";
				PRODUCT_BUNDLE_IDENTIFIER = "com.perfectly-cooked.WatchMan";
				PRODUCT_NAME = "$(TARGET_NAME)";
			};
			name = Release;
		};
/* End XCBuildConfiguration section */

/* Begin XCConfigurationList section */
		7A0908381BC348EE00E8FE5C /* Build configuration list for PBXNativeTarget "WatchManTests" */ = {
			isa = XCConfigurationList;
			buildConfigurations = (
				7A0908361BC348EE00E8FE5C /* Debug */,
				7A0908371BC348EE00E8FE5C /* Release */,
			);
			defaultConfigurationIsVisible = 0;
		};
		7AA168071BBC213300A84B29 /* Build configuration list for PBXProject "WatchMan" */ = {
			isa = XCConfigurationList;
			buildConfigurations = (
				7AA168171BBC213300A84B29 /* Debug */,
				7AA168181BBC213300A84B29 /* Release */,
			);
			defaultConfigurationIsVisible = 0;
			defaultConfigurationName = Release;
		};
		7AA168191BBC213300A84B29 /* Build configuration list for PBXNativeTarget "WatchMan" */ = {
			isa = XCConfigurationList;
			buildConfigurations = (
				7AA1681A1BBC213300A84B29 /* Debug */,
				7AA1681B1BBC213300A84B29 /* Release */,
			);
			defaultConfigurationIsVisible = 0;
			defaultConfigurationName = Release;
		};
/* End XCConfigurationList section */
	};
	rootObject = 7AA168041BBC213300A84B29 /* Project object */;
}
